
Microsoft Visual Studio Solution File, Format Version 12.00
# Visual Studio Version 17
VisualStudioVersion = 17.8.34330.188
MinimumVisualStudioVersion = 10.0.40219.1
Project("{8BC9CEB8-8B4A-11D0-8D11-00A0C91BC942}") = "MyStudy", "MyStudy\MyStudy.vcxproj", "{C43A541C-798F-4054-B0F2-FDEC27BF927A}"
EndProject
Project("{2150E333-8FDC-42A3-9474-1A3956D46DE8}") = "HW", "HW", "{5F2B28BA-612A-4B60-B710-3FC0C230CACD}"
EndProject
Project("{8BC9CEB8-8B4A-11D0-8D11-00A0C91BC942}") = "ParameterInter", "ParameterInter\ParameterInter.vcxproj", "{C07DF43A-B8EF-44F0-8AF9-113EF8608A5E}"
EndProject
Project("{8BC9CEB8-8B4A-11D0-8D11-00A0C91BC942}") = "StringCountStringReverse", "StringCountStringReverse\StringCountStringReverse.vcxproj", "{57D556B8-2C73-4CEB-A74C-4F4A5ED48DFC}"
EndProject
Project("{8BC9CEB8-8B4A-11D0-8D11-00A0C91BC942}") = "StringToNumber", "StringToNumber\StringToNumber.vcxproj", "{8AB6FE0B-ACCE-43B9-A0FE-87F09B2998C7}"
EndProject
Project("{8BC9CEB8-8B4A-11D0-8D11-00A0C91BC942}") = "1219MyPrintf", "1219MyPrintf\1219MyPrintf.vcxproj", "{2DA64064-D719-4065-A2A0-A2DEE8059B75}"
EndProject
Project("{8BC9CEB8-8B4A-11D0-8D11-00A0C91BC942}") = "CharConvert", "CharConvert\CharConvert.vcxproj", "{777DD5D7-23F1-429C-9314-00B043990C74}"
EndProject
Project("{8BC9CEB8-8B4A-11D0-8D11-00A0C91BC942}") = "StringTrim", "StringTrim\StringTrim.vcxproj", "{A04DBF72-1338-4B6E-8542-9E0CD10BBB01}"
EndProject
Project("{8BC9CEB8-8B4A-11D0-8D11-00A0C91BC942}") = "ClassStudy", "ClassStudy\ClassStudy.vcxproj", "{88E24889-6A97-4D47-84CC-15A3AA1F91BF}"
EndProject
Project("{8BC9CEB8-8B4A-11D0-8D11-00A0C91BC942}") = "TextRpgClassVer", "TextRpgClassVer\TextRpgClassVer.vcxproj", "{7F33875A-C06F-41F0-9556-EC693C2EAC95}"
EndProject
Project("{8BC9CEB8-8B4A-11D0-8D11-00A0C91BC942}") = "ConsoleGame", "ConsoleGame\ConsoleGame.vcxproj", "{1CDAC787-C08F-4858-80AF-B11858A00D97}"
EndProject
Project("{8BC9CEB8-8B4A-11D0-8D11-00A0C91BC942}") = "MyStudy2", "MyStudy2\MyStudy2.vcxproj", "{C805FF3C-E3C4-477A-BDE2-24ADDC5981EE}"
EndProject
Project("{8BC9CEB8-8B4A-11D0-8D11-00A0C91BC942}") = "ConsoleGameClassVer", "TextRpgClassVer2\TextRpgClassVer2.vcxproj", "{FBE4E73A-9DD1-40E9-9052-D4954A6D06CA}"
EndProject
Project("{2150E333-8FDC-42A3-9474-1A3956D46DE8}") = "Game", "Game", "{F717511B-7168-414F-BCBF-00172A23987B}"
EndProject
Project("{8BC9CEB8-8B4A-11D0-8D11-00A0C91BC942}") = "231229TextRpg", "231229TextRpg\TextRpg.vcxproj", "{9944009E-7D48-4C83-8F29-764766CB9315}"
EndProject
Project("{8BC9CEB8-8B4A-11D0-8D11-00A0C91BC942}") = "New", "New\New.vcxproj", "{455344C2-5A20-4FBF-B2E1-E608201B59DE}"
EndProject
Project("{8BC9CEB8-8B4A-11D0-8D11-00A0C91BC942}") = "StringContains", "StringContains\StringContains.vcxproj", "{22F14FB6-C9BB-4B6E-A017-E6DE901E8862}"
EndProject
Global
	GlobalSection(SolutionConfigurationPlatforms) = preSolution
		Debug|x64 = Debug|x64
		Debug|x86 = Debug|x86
		Release|x64 = Release|x64
		Release|x86 = Release|x86
	EndGlobalSection
	GlobalSection(ProjectConfigurationPlatforms) = postSolution
		{C43A541C-798F-4054-B0F2-FDEC27BF927A}.Debug|x64.ActiveCfg = Debug|x64
		{C43A541C-798F-4054-B0F2-FDEC27BF927A}.Debug|x64.Build.0 = Debug|x64
		{C43A541C-798F-4054-B0F2-FDEC27BF927A}.Debug|x86.ActiveCfg = Debug|Win32
		{C43A541C-798F-4054-B0F2-FDEC27BF927A}.Debug|x86.Build.0 = Debug|Win32
		{C43A541C-798F-4054-B0F2-FDEC27BF927A}.Release|x64.ActiveCfg = Release|x64
		{C43A541C-798F-4054-B0F2-FDEC27BF927A}.Release|x64.Build.0 = Release|x64
		{C43A541C-798F-4054-B0F2-FDEC27BF927A}.Release|x86.ActiveCfg = Release|Win32
		{C43A541C-798F-4054-B0F2-FDEC27BF927A}.Release|x86.Build.0 = Release|Win32
		{C07DF43A-B8EF-44F0-8AF9-113EF8608A5E}.Debug|x64.ActiveCfg = Debug|x64
		{C07DF43A-B8EF-44F0-8AF9-113EF8608A5E}.Debug|x64.Build.0 = Debug|x64
		{C07DF43A-B8EF-44F0-8AF9-113EF8608A5E}.Debug|x86.ActiveCfg = Debug|Win32
		{C07DF43A-B8EF-44F0-8AF9-113EF8608A5E}.Debug|x86.Build.0 = Debug|Win32
		{C07DF43A-B8EF-44F0-8AF9-113EF8608A5E}.Release|x64.ActiveCfg = Release|x64
		{C07DF43A-B8EF-44F0-8AF9-113EF8608A5E}.Release|x64.Build.0 = Release|x64
		{C07DF43A-B8EF-44F0-8AF9-113EF8608A5E}.Release|x86.ActiveCfg = Release|Win32
		{C07DF43A-B8EF-44F0-8AF9-113EF8608A5E}.Release|x86.Build.0 = Release|Win32
		{57D556B8-2C73-4CEB-A74C-4F4A5ED48DFC}.Debug|x64.ActiveCfg = Debug|x64
		{57D556B8-2C73-4CEB-A74C-4F4A5ED48DFC}.Debug|x64.Build.0 = Debug|x64
		{57D556B8-2C73-4CEB-A74C-4F4A5ED48DFC}.Debug|x86.ActiveCfg = Debug|Win32
		{57D556B8-2C73-4CEB-A74C-4F4A5ED48DFC}.Debug|x86.Build.0 = Debug|Win32
		{57D556B8-2C73-4CEB-A74C-4F4A5ED48DFC}.Release|x64.ActiveCfg = Release|x64
		{57D556B8-2C73-4CEB-A74C-4F4A5ED48DFC}.Release|x64.Build.0 = Release|x64
		{57D556B8-2C73-4CEB-A74C-4F4A5ED48DFC}.Release|x86.ActiveCfg = Release|Win32
		{57D556B8-2C73-4CEB-A74C-4F4A5ED48DFC}.Release|x86.Build.0 = Release|Win32
		{8AB6FE0B-ACCE-43B9-A0FE-87F09B2998C7}.Debug|x64.ActiveCfg = Debug|x64
		{8AB6FE0B-ACCE-43B9-A0FE-87F09B2998C7}.Debug|x64.Build.0 = Debug|x64
		{8AB6FE0B-ACCE-43B9-A0FE-87F09B2998C7}.Debug|x86.ActiveCfg = Debug|Win32
		{8AB6FE0B-ACCE-43B9-A0FE-87F09B2998C7}.Debug|x86.Build.0 = Debug|Win32
		{8AB6FE0B-ACCE-43B9-A0FE-87F09B2998C7}.Release|x64.ActiveCfg = Release|x64
		{8AB6FE0B-ACCE-43B9-A0FE-87F09B2998C7}.Release|x64.Build.0 = Release|x64
		{8AB6FE0B-ACCE-43B9-A0FE-87F09B2998C7}.Release|x86.ActiveCfg = Release|Win32
		{8AB6FE0B-ACCE-43B9-A0FE-87F09B2998C7}.Release|x86.Build.0 = Release|Win32
		{2DA64064-D719-4065-A2A0-A2DEE8059B75}.Debug|x64.ActiveCfg = Debug|x64
		{2DA64064-D719-4065-A2A0-A2DEE8059B75}.Debug|x64.Build.0 = Debug|x64
		{2DA64064-D719-4065-A2A0-A2DEE8059B75}.Debug|x86.ActiveCfg = Debug|Win32
		{2DA64064-D719-4065-A2A0-A2DEE8059B75}.Debug|x86.Build.0 = Debug|Win32
		{2DA64064-D719-4065-A2A0-A2DEE8059B75}.Release|x64.ActiveCfg = Release|x64
		{2DA64064-D719-4065-A2A0-A2DEE8059B75}.Release|x64.Build.0 = Release|x64
		{2DA64064-D719-4065-A2A0-A2DEE8059B75}.Release|x86.ActiveCfg = Release|Win32
		{2DA64064-D719-4065-A2A0-A2DEE8059B75}.Release|x86.Build.0 = Release|Win32
		{777DD5D7-23F1-429C-9314-00B043990C74}.Debug|x64.ActiveCfg = Debug|x64
		{777DD5D7-23F1-429C-9314-00B043990C74}.Debug|x64.Build.0 = Debug|x64
		{777DD5D7-23F1-429C-9314-00B043990C74}.Debug|x86.ActiveCfg = Debug|Win32
		{777DD5D7-23F1-429C-9314-00B043990C74}.Debug|x86.Build.0 = Debug|Win32
		{777DD5D7-23F1-429C-9314-00B043990C74}.Release|x64.ActiveCfg = Release|x64
		{777DD5D7-23F1-429C-9314-00B043990C74}.Release|x64.Build.0 = Release|x64
		{777DD5D7-23F1-429C-9314-00B043990C74}.Release|x86.ActiveCfg = Release|Win32
		{777DD5D7-23F1-429C-9314-00B043990C74}.Release|x86.Build.0 = Release|Win32
		{A04DBF72-1338-4B6E-8542-9E0CD10BBB01}.Debug|x64.ActiveCfg = Debug|x64
		{A04DBF72-1338-4B6E-8542-9E0CD10BBB01}.Debug|x64.Build.0 = Debug|x64
		{A04DBF72-1338-4B6E-8542-9E0CD10BBB01}.Debug|x86.ActiveCfg = Debug|Win32
		{A04DBF72-1338-4B6E-8542-9E0CD10BBB01}.Debug|x86.Build.0 = Debug|Win32
		{A04DBF72-1338-4B6E-8542-9E0CD10BBB01}.Release|x64.ActiveCfg = Release|x64
		{A04DBF72-1338-4B6E-8542-9E0CD10BBB01}.Release|x64.Build.0 = Release|x64
		{A04DBF72-1338-4B6E-8542-9E0CD10BBB01}.Release|x86.ActiveCfg = Release|Win32
		{A04DBF72-1338-4B6E-8542-9E0CD10BBB01}.Release|x86.Build.0 = Release|Win32
		{88E24889-6A97-4D47-84CC-15A3AA1F91BF}.Debug|x64.ActiveCfg = Debug|x64
		{88E24889-6A97-4D47-84CC-15A3AA1F91BF}.Debug|x64.Build.0 = Debug|x64
		{88E24889-6A97-4D47-84CC-15A3AA1F91BF}.Debug|x86.ActiveCfg = Debug|Win32
		{88E24889-6A97-4D47-84CC-15A3AA1F91BF}.Debug|x86.Build.0 = Debug|Win32
		{88E24889-6A97-4D47-84CC-15A3AA1F91BF}.Release|x64.ActiveCfg = Release|x64
		{88E24889-6A97-4D47-84CC-15A3AA1F91BF}.Release|x64.Build.0 = Release|x64
		{88E24889-6A97-4D47-84CC-15A3AA1F91BF}.Release|x86.ActiveCfg = Release|Win32
		{88E24889-6A97-4D47-84CC-15A3AA1F91BF}.Release|x86.Build.0 = Release|Win32
		{7F33875A-C06F-41F0-9556-EC693C2EAC95}.Debug|x64.ActiveCfg = Debug|x64
		{7F33875A-C06F-41F0-9556-EC693C2EAC95}.Debug|x64.Build.0 = Debug|x64
		{7F33875A-C06F-41F0-9556-EC693C2EAC95}.Debug|x86.ActiveCfg = Debug|Win32
		{7F33875A-C06F-41F0-9556-EC693C2EAC95}.Debug|x86.Build.0 = Debug|Win32
		{7F33875A-C06F-41F0-9556-EC693C2EAC95}.Release|x64.ActiveCfg = Release|x64
		{7F33875A-C06F-41F0-9556-EC693C2EAC95}.Release|x64.Build.0 = Release|x64
		{7F33875A-C06F-41F0-9556-EC693C2EAC95}.Release|x86.ActiveCfg = Release|Win32
		{7F33875A-C06F-41F0-9556-EC693C2EAC95}.Release|x86.Build.0 = Release|Win32
		{1CDAC787-C08F-4858-80AF-B11858A00D97}.Debug|x64.ActiveCfg = Debug|x64
		{1CDAC787-C08F-4858-80AF-B11858A00D97}.Debug|x64.Build.0 = Debug|x64
		{1CDAC787-C08F-4858-80AF-B11858A00D97}.Debug|x86.ActiveCfg = Debug|Win32
		{1CDAC787-C08F-4858-80AF-B11858A00D97}.Debug|x86.Build.0 = Debug|Win32
		{1CDAC787-C08F-4858-80AF-B11858A00D97}.Release|x64.ActiveCfg = Release|x64
		{1CDAC787-C08F-4858-80AF-B11858A00D97}.Release|x64.Build.0 = Release|x64
		{1CDAC787-C08F-4858-80AF-B11858A00D97}.Release|x86.ActiveCfg = Release|Win32
		{1CDAC787-C08F-4858-80AF-B11858A00D97}.Release|x86.Build.0 = Release|Win32
		{C805FF3C-E3C4-477A-BDE2-24ADDC5981EE}.Debug|x64.ActiveCfg = Debug|x64
		{C805FF3C-E3C4-477A-BDE2-24ADDC5981EE}.Debug|x64.Build.0 = Debug|x64
		{C805FF3C-E3C4-477A-BDE2-24ADDC5981EE}.Debug|x86.ActiveCfg = Debug|Win32
		{C805FF3C-E3C4-477A-BDE2-24ADDC5981EE}.Debug|x86.Build.0 = Debug|Win32
		{C805FF3C-E3C4-477A-BDE2-24ADDC5981EE}.Release|x64.ActiveCfg = Release|x64
		{C805FF3C-E3C4-477A-BDE2-24ADDC5981EE}.Release|x64.Build.0 = Release|x64
		{C805FF3C-E3C4-477A-BDE2-24ADDC5981EE}.Release|x86.ActiveCfg = Release|Win32
		{C805FF3C-E3C4-477A-BDE2-24ADDC5981EE}.Release|x86.Build.0 = Release|Win32
		{FBE4E73A-9DD1-40E9-9052-D4954A6D06CA}.Debug|x64.ActiveCfg = Debug|x64
		{FBE4E73A-9DD1-40E9-9052-D4954A6D06CA}.Debug|x64.Build.0 = Debug|x64
		{FBE4E73A-9DD1-40E9-9052-D4954A6D06CA}.Debug|x86.ActiveCfg = Debug|Win32
		{FBE4E73A-9DD1-40E9-9052-D4954A6D06CA}.Debug|x86.Build.0 = Debug|Win32
		{FBE4E73A-9DD1-40E9-9052-D4954A6D06CA}.Release|x64.ActiveCfg = Release|x64
		{FBE4E73A-9DD1-40E9-9052-D4954A6D06CA}.Release|x64.Build.0 = Release|x64
		{FBE4E73A-9DD1-40E9-9052-D4954A6D06CA}.Release|x86.ActiveCfg = Release|Win32
		{FBE4E73A-9DD1-40E9-9052-D4954A6D06CA}.Release|x86.Build.0 = Release|Win32
		{9944009E-7D48-4C83-8F29-764766CB9315}.Debug|x64.ActiveCfg = Debug|x64
		{9944009E-7D48-4C83-8F29-764766CB9315}.Debug|x64.Build.0 = Debug|x64
		{9944009E-7D48-4C83-8F29-764766CB9315}.Debug|x86.ActiveCfg = Debug|Win32
		{9944009E-7D48-4C83-8F29-764766CB9315}.Debug|x86.Build.0 = Debug|Win32
		{9944009E-7D48-4C83-8F29-764766CB9315}.Release|x64.ActiveCfg = Release|x64
		{9944009E-7D48-4C83-8F29-764766CB9315}.Release|x64.Build.0 = Release|x64
		{9944009E-7D48-4C83-8F29-764766CB9315}.Release|x86.ActiveCfg = Release|Win32
		{9944009E-7D48-4C83-8F29-764766CB9315}.Release|x86.Build.0 = Release|Win32
		{455344C2-5A20-4FBF-B2E1-E608201B59DE}.Debug|x64.ActiveCfg = Debug|x64
		{455344C2-5A20-4FBF-B2E1-E608201B59DE}.Debug|x64.Build.0 = Debug|x64
		{455344C2-5A20-4FBF-B2E1-E608201B59DE}.Debug|x86.ActiveCfg = Debug|Win32
		{455344C2-5A20-4FBF-B2E1-E608201B59DE}.Debug|x86.Build.0 = Debug|Win32
		{455344C2-5A20-4FBF-B2E1-E608201B59DE}.Release|x64.ActiveCfg = Release|x64
		{455344C2-5A20-4FBF-B2E1-E608201B59DE}.Release|x64.Build.0 = Release|x64
		{455344C2-5A20-4FBF-B2E1-E608201B59DE}.Release|x86.ActiveCfg = Release|Win32
		{455344C2-5A20-4FBF-B2E1-E608201B59DE}.Release|x86.Build.0 = Release|Win32
		{22F14FB6-C9BB-4B6E-A017-E6DE901E8862}.Debug|x64.ActiveCfg = Debug|x64
		{22F14FB6-C9BB-4B6E-A017-E6DE901E8862}.Debug|x64.Build.0 = Debug|x64
		{22F14FB6-C9BB-4B6E-A017-E6DE901E8862}.Debug|x86.ActiveCfg = Debug|Win32
		{22F14FB6-C9BB-4B6E-A017-E6DE901E8862}.Debug|x86.Build.0 = Debug|Win32
		{22F14FB6-C9BB-4B6E-A017-E6DE901E8862}.Release|x64.ActiveCfg = Release|x64
		{22F14FB6-C9BB-4B6E-A017-E6DE901E8862}.Release|x64.Build.0 = Release|x64
		{22F14FB6-C9BB-4B6E-A017-E6DE901E8862}.Release|x86.ActiveCfg = Release|Win32
		{22F14FB6-C9BB-4B6E-A017-E6DE901E8862}.Release|x86.Build.0 = Release|Win32
	EndGlobalSection
	GlobalSection(SolutionProperties) = preSolution
		HideSolutionNode = FALSE
	EndGlobalSection
	GlobalSection(NestedProjects) = preSolution
		{C07DF43A-B8EF-44F0-8AF9-113EF8608A5E} = {5F2B28BA-612A-4B60-B710-3FC0C230CACD}
		{57D556B8-2C73-4CEB-A74C-4F4A5ED48DFC} = {5F2B28BA-612A-4B60-B710-3FC0C230CACD}
		{8AB6FE0B-ACCE-43B9-A0FE-87F09B2998C7} = {5F2B28BA-612A-4B60-B710-3FC0C230CACD}
		{777DD5D7-23F1-429C-9314-00B043990C74} = {5F2B28BA-612A-4B60-B710-3FC0C230CACD}
		{A04DBF72-1338-4B6E-8542-9E0CD10BBB01} = {5F2B28BA-612A-4B60-B710-3FC0C230CACD}
		{7F33875A-C06F-41F0-9556-EC693C2EAC95} = {5F2B28BA-612A-4B60-B710-3FC0C230CACD}
		{FBE4E73A-9DD1-40E9-9052-D4954A6D06CA} = {5F2B28BA-612A-4B60-B710-3FC0C230CACD}
		{9944009E-7D48-4C83-8F29-764766CB9315} = {F717511B-7168-414F-BCBF-00172A23987B}
		{22F14FB6-C9BB-4B6E-A017-E6DE901E8862} = {5F2B28BA-612A-4B60-B710-3FC0C230CACD}
	EndGlobalSection
	GlobalSection(ExtensibilityGlobals) = postSolution
		SolutionGuid = {5730CC84-52D7-4DE8-9CCA-1DDDE79E70E4}
	EndGlobalSection
EndGlobal
